
Microsoft Visual Studio Solution File, Format Version 12.00
# Visual Studio Version 16
VisualStudioVersion = 16.0.29509.3
MinimumVisualStudioVersion = 10.0.40219.1
Project("{9A19103F-16F7-4668-BE54-9A1E7A4F7556}") = "CrudTest", "CrudTest\CrudTest.csproj", "{9E9AB6EE-3386-48CC-9E43-648653F86179}"
EndProject
Project("{E53339B2-1760-4266-BCC7-CA923CBCF16C}") = "docker-compose", "docker-compose.dcproj", "{51963708-CC3F-4D0C-9A03-8F4FD5E30871}"
EndProject
Global
	GlobalSection(SolutionConfigurationPlatforms) = preSolution
		Debug|Any CPU = Debug|Any CPU
		Release|Any CPU = Release|Any CPU
	EndGlobalSection
	GlobalSection(ProjectConfigurationPlatforms) = postSolution
		{9E9AB6EE-3386-48CC-9E43-648653F86179}.Debug|Any CPU.ActiveCfg = Debug|Any CPU
		{9E9AB6EE-3386-48CC-9E43-648653F86179}.Debug|Any CPU.Build.0 = Debug|Any CPU
		{9E9AB6EE-3386-48CC-9E43-648653F86179}.Release|Any CPU.ActiveCfg = Release|Any CPU
		{9E9AB6EE-3386-48CC-9E43-648653F86179}.Release|Any CPU.Build.0 = Release|Any CPU
		{51963708-CC3F-4D0C-9A03-8F4FD5E30871}.Debug|Any CPU.ActiveCfg = Debug|Any CPU
		{51963708-CC3F-4D0C-9A03-8F4FD5E30871}.Debug|Any CPU.Build.0 = Debug|Any CPU
		{51963708-CC3F-4D0C-9A03-8F4FD5E30871}.Release|Any CPU.ActiveCfg = Release|Any CPU
		{51963708-CC3F-4D0C-9A03-8F4FD5E30871}.Release|Any CPU.Build.0 = Release|Any CPU
	EndGlobalSection
	GlobalSection(SolutionProperties) = preSolution
		HideSolutionNode = FALSE
	EndGlobalSection
	GlobalSection(ExtensibilityGlobals) = postSolution
		SolutionGuid = {9AE62AA8-9F10-4923-9529-C6C08F4279FF}
	EndGlobalSection
EndGlobal
